
Microsoft Visual Studio Solution File, Format Version 12.00
# Visual Studio Version 17
VisualStudioVersion = 17.3.32804.467
MinimumVisualStudioVersion = 10.0.40219.1
Project("{9A19103F-16F7-4668-BE54-9A1E7A4F7556}") = "DateCalculator", "DateCalculator\DateCalculator.csproj", "{FF7F9653-1F1B-442E-8EAE-EE50A17162D2}"
EndProject
Project("{FAE04EC0-301F-11D3-BF4B-00C04F79EFBC}") = "TestDateCalculator", "TestDateCalculator\TestDateCalculator.csproj", "{FEA60614-32FC-48DD-BCA0-2ADC8355260B}"
EndProject
Global
	GlobalSection(SolutionConfigurationPlatforms) = preSolution
		Debug|Any CPU = Debug|Any CPU
		Release|Any CPU = Release|Any CPU
	EndGlobalSection
	GlobalSection(ProjectConfigurationPlatforms) = postSolution
		{FF7F9653-1F1B-442E-8EAE-EE50A17162D2}.Debug|Any CPU.ActiveCfg = Debug|Any CPU
		{FF7F9653-1F1B-442E-8EAE-EE50A17162D2}.Debug|Any CPU.Build.0 = Debug|Any CPU
		{FF7F9653-1F1B-442E-8EAE-EE50A17162D2}.Release|Any CPU.ActiveCfg = Release|Any CPU
		{FF7F9653-1F1B-442E-8EAE-EE50A17162D2}.Release|Any CPU.Build.0 = Release|Any CPU
		{FEA60614-32FC-48DD-BCA0-2ADC8355260B}.Debug|Any CPU.ActiveCfg = Debug|Any CPU
		{FEA60614-32FC-48DD-BCA0-2ADC8355260B}.Debug|Any CPU.Build.0 = Debug|Any CPU
		{FEA60614-32FC-48DD-BCA0-2ADC8355260B}.Release|Any CPU.ActiveCfg = Release|Any CPU
		{FEA60614-32FC-48DD-BCA0-2ADC8355260B}.Release|Any CPU.Build.0 = Release|Any CPU
	EndGlobalSection
	GlobalSection(SolutionProperties) = preSolution
		HideSolutionNode = FALSE
	EndGlobalSection
	GlobalSection(ExtensibilityGlobals) = postSolution
		SolutionGuid = {758ABEB1-70BD-4C0D-BE23-44CBF88EF21D}
	EndGlobalSection
EndGlobal
